
Microsoft Visual Studio Solution File, Format Version 11.00
# Visual Studio 2010
Project("{FAE04EC0-301F-11D3-BF4B-00C04F79EFBC}") = "cnc", "cnc\cnc.csproj", "{7C694C1C-DD9C-4ADD-9953-A0F9EDEF72DE}"
EndProject
Global
	GlobalSection(SolutionConfigurationPlatforms) = preSolution
		Debug|Any CPU = Debug|Any CPU
		Release|Any CPU = Release|Any CPU
	EndGlobalSection
	GlobalSection(ProjectConfigurationPlatforms) = postSolution
		{7C694C1C-DD9C-4ADD-9953-A0F9EDEF72DE}.Debug|Any CPU.ActiveCfg = Debug|Any CPU
		{7C694C1C-DD9C-4ADD-9953-A0F9EDEF72DE}.Debug|Any CPU.Build.0 = Debug|Any CPU
		{7C694C1C-DD9C-4ADD-9953-A0F9EDEF72DE}.Release|Any CPU.ActiveCfg = Release|Any CPU
		{7C694C1C-DD9C-4ADD-9953-A0F9EDEF72DE}.Release|Any CPU.Build.0 = Release|Any CPU
	EndGlobalSection
	GlobalSection(MonoDevelopProperties) = preSolution
		StartupItem = cnc\cnc.csproj
	EndGlobalSection
EndGlobal
